
Microsoft Visual Studio Solution File, Format Version 12.00
# Visual Studio Version 17
VisualStudioVersion = 17.14.36221.1
MinimumVisualStudioVersion = 10.0.40219.1
Project("{2150E333-8FDC-42A3-9474-1A3956D46DE8}") = "src", "src", "{02EA681E-C7D8-13C7-8484-4AC65E1B71E8}"
	ProjectSection(SolutionItems) = preProject
		src\run.sh = src\run.sh
	EndProjectSection
EndProject
Project("{FAE04EC0-301F-11D3-BF4B-00C04F79EFBC}") = "WebApp", "src\WebApp\WebApp.csproj", "{04307982-8A61-4965-B62D-1BEE547901BE}"
EndProject
Project("{E53339B2-1760-4266-BCC7-CA923CBCF16C}") = "docker-compose", "docker-compose.dcproj", "{81DDED9D-158B-E303-5F62-77A2896D2A5A}"
EndProject
Project("{2150E333-8FDC-42A3-9474-1A3956D46DE8}") = "Solution Items", "Solution Items", "{8EC462FD-D22E-90A8-E5CE-7E832BA40C5D}"
	ProjectSection(SolutionItems) = preProject
		.editorconfig = .editorconfig
		Commands.md = Commands.md
		Directory.Build.props = Directory.Build.props
		.vscode\mcp.json = .vscode\mcp.json
	EndProjectSection
EndProject
Project("{FAE04EC0-301F-11D3-BF4B-00C04F79EFBC}") = "WebJob1", "src\WebJob1\WebJob1.csproj", "{44C11240-486A-491C-A93E-DA24DB3847E9}"
EndProject
Project("{FAE04EC0-301F-11D3-BF4B-00C04F79EFBC}") = "FunctionApp2", "src\FunctionApp2\FunctionApp2.csproj", "{B2892770-8F5D-43F4-BB75-893E42E14181}"
EndProject
Project("{FAE04EC0-301F-11D3-BF4B-00C04F79EFBC}") = "MyMcpServer", "src\MyMcpServer\MyMcpServer.csproj", "{A75196AD-1613-41F2-AF50-92ECC4B6AF22}"
EndProject
Project("{FAE04EC0-301F-11D3-BF4B-00C04F79EFBC}") = "FunctionApp1", "src\FunctionApp1\FunctionApp1.csproj", "{2A8233D2-99F4-433C-90F1-0AF0E52FE331}"
EndProject
Project("{FAE04EC0-301F-11D3-BF4B-00C04F79EFBC}") = "SharedKernel", "src\SharedKernel\SharedKernel.csproj", "{36847EB7-9D9B-4A5B-AAA3-9E504156E01E}"
EndProject
Project("{FAE04EC0-301F-11D3-BF4B-00C04F79EFBC}") = "BlobQuickstart", "src\BlobQuickstart\BlobQuickstart.csproj", "{8125161B-B5F4-4B95-9FFD-4ED4D955B042}"
EndProject
Global
	GlobalSection(SolutionConfigurationPlatforms) = preSolution
		Debug|Any CPU = Debug|Any CPU
		Debug|x64 = Debug|x64
		Debug|x86 = Debug|x86
		Release|Any CPU = Release|Any CPU
		Release|x64 = Release|x64
		Release|x86 = Release|x86
	EndGlobalSection
	GlobalSection(ProjectConfigurationPlatforms) = postSolution
		{04307982-8A61-4965-B62D-1BEE547901BE}.Debug|Any CPU.ActiveCfg = Debug|Any CPU
		{04307982-8A61-4965-B62D-1BEE547901BE}.Debug|Any CPU.Build.0 = Debug|Any CPU
		{04307982-8A61-4965-B62D-1BEE547901BE}.Debug|x64.ActiveCfg = Debug|Any CPU
		{04307982-8A61-4965-B62D-1BEE547901BE}.Debug|x64.Build.0 = Debug|Any CPU
		{04307982-8A61-4965-B62D-1BEE547901BE}.Debug|x86.ActiveCfg = Debug|Any CPU
		{04307982-8A61-4965-B62D-1BEE547901BE}.Debug|x86.Build.0 = Debug|Any CPU
		{04307982-8A61-4965-B62D-1BEE547901BE}.Release|Any CPU.ActiveCfg = Release|Any CPU
		{04307982-8A61-4965-B62D-1BEE547901BE}.Release|Any CPU.Build.0 = Release|Any CPU
		{04307982-8A61-4965-B62D-1BEE547901BE}.Release|x64.ActiveCfg = Release|Any CPU
		{04307982-8A61-4965-B62D-1BEE547901BE}.Release|x64.Build.0 = Release|Any CPU
		{04307982-8A61-4965-B62D-1BEE547901BE}.Release|x86.ActiveCfg = Release|Any CPU
		{04307982-8A61-4965-B62D-1BEE547901BE}.Release|x86.Build.0 = Release|Any CPU
		{81DDED9D-158B-E303-5F62-77A2896D2A5A}.Debug|Any CPU.ActiveCfg = Debug|Any CPU
		{81DDED9D-158B-E303-5F62-77A2896D2A5A}.Debug|Any CPU.Build.0 = Debug|Any CPU
		{81DDED9D-158B-E303-5F62-77A2896D2A5A}.Debug|x64.ActiveCfg = Debug|x64
		{81DDED9D-158B-E303-5F62-77A2896D2A5A}.Debug|x86.ActiveCfg = Debug|x86
		{81DDED9D-158B-E303-5F62-77A2896D2A5A}.Release|Any CPU.ActiveCfg = Release|Any CPU
		{81DDED9D-158B-E303-5F62-77A2896D2A5A}.Release|Any CPU.Build.0 = Release|Any CPU
		{81DDED9D-158B-E303-5F62-77A2896D2A5A}.Release|x64.ActiveCfg = Release|x64
		{81DDED9D-158B-E303-5F62-77A2896D2A5A}.Release|x86.ActiveCfg = Release|x86
		{44C11240-486A-491C-A93E-DA24DB3847E9}.Debug|Any CPU.ActiveCfg = Debug|Any CPU
		{44C11240-486A-491C-A93E-DA24DB3847E9}.Debug|Any CPU.Build.0 = Debug|Any CPU
		{44C11240-486A-491C-A93E-DA24DB3847E9}.Debug|x64.ActiveCfg = Debug|Any CPU
		{44C11240-486A-491C-A93E-DA24DB3847E9}.Debug|x64.Build.0 = Debug|Any CPU
		{44C11240-486A-491C-A93E-DA24DB3847E9}.Debug|x86.ActiveCfg = Debug|Any CPU
		{44C11240-486A-491C-A93E-DA24DB3847E9}.Debug|x86.Build.0 = Debug|Any CPU
		{44C11240-486A-491C-A93E-DA24DB3847E9}.Release|Any CPU.ActiveCfg = Release|Any CPU
		{44C11240-486A-491C-A93E-DA24DB3847E9}.Release|Any CPU.Build.0 = Release|Any CPU
		{44C11240-486A-491C-A93E-DA24DB3847E9}.Release|x64.ActiveCfg = Release|Any CPU
		{44C11240-486A-491C-A93E-DA24DB3847E9}.Release|x64.Build.0 = Release|Any CPU
		{44C11240-486A-491C-A93E-DA24DB3847E9}.Release|x86.ActiveCfg = Release|Any CPU
		{44C11240-486A-491C-A93E-DA24DB3847E9}.Release|x86.Build.0 = Release|Any CPU
		{B2892770-8F5D-43F4-BB75-893E42E14181}.Debug|Any CPU.ActiveCfg = Debug|Any CPU
		{B2892770-8F5D-43F4-BB75-893E42E14181}.Debug|Any CPU.Build.0 = Debug|Any CPU
		{B2892770-8F5D-43F4-BB75-893E42E14181}.Debug|x64.ActiveCfg = Debug|Any CPU
		{B2892770-8F5D-43F4-BB75-893E42E14181}.Debug|x64.Build.0 = Debug|Any CPU
		{B2892770-8F5D-43F4-BB75-893E42E14181}.Debug|x86.ActiveCfg = Debug|Any CPU
		{B2892770-8F5D-43F4-BB75-893E42E14181}.Debug|x86.Build.0 = Debug|Any CPU
		{B2892770-8F5D-43F4-BB75-893E42E14181}.Release|Any CPU.ActiveCfg = Release|Any CPU
		{B2892770-8F5D-43F4-BB75-893E42E14181}.Release|Any CPU.Build.0 = Release|Any CPU
		{B2892770-8F5D-43F4-BB75-893E42E14181}.Release|x64.ActiveCfg = Release|Any CPU
		{B2892770-8F5D-43F4-BB75-893E42E14181}.Release|x64.Build.0 = Release|Any CPU
		{B2892770-8F5D-43F4-BB75-893E42E14181}.Release|x86.ActiveCfg = Release|Any CPU
		{B2892770-8F5D-43F4-BB75-893E42E14181}.Release|x86.Build.0 = Release|Any CPU
		{A75196AD-1613-41F2-AF50-92ECC4B6AF22}.Debug|Any CPU.ActiveCfg = Debug|Any CPU
		{A75196AD-1613-41F2-AF50-92ECC4B6AF22}.Debug|Any CPU.Build.0 = Debug|Any CPU
		{A75196AD-1613-41F2-AF50-92ECC4B6AF22}.Debug|x64.ActiveCfg = Debug|Any CPU
		{A75196AD-1613-41F2-AF50-92ECC4B6AF22}.Debug|x64.Build.0 = Debug|Any CPU
		{A75196AD-1613-41F2-AF50-92ECC4B6AF22}.Debug|x86.ActiveCfg = Debug|Any CPU
		{A75196AD-1613-41F2-AF50-92ECC4B6AF22}.Debug|x86.Build.0 = Debug|Any CPU
		{A75196AD-1613-41F2-AF50-92ECC4B6AF22}.Release|Any CPU.ActiveCfg = Release|Any CPU
		{A75196AD-1613-41F2-AF50-92ECC4B6AF22}.Release|Any CPU.Build.0 = Release|Any CPU
		{A75196AD-1613-41F2-AF50-92ECC4B6AF22}.Release|x64.ActiveCfg = Release|Any CPU
		{A75196AD-1613-41F2-AF50-92ECC4B6AF22}.Release|x64.Build.0 = Release|Any CPU
		{A75196AD-1613-41F2-AF50-92ECC4B6AF22}.Release|x86.ActiveCfg = Release|Any CPU
		{A75196AD-1613-41F2-AF50-92ECC4B6AF22}.Release|x86.Build.0 = Release|Any CPU
		{2A8233D2-99F4-433C-90F1-0AF0E52FE331}.Debug|Any CPU.ActiveCfg = Debug|Any CPU
		{2A8233D2-99F4-433C-90F1-0AF0E52FE331}.Debug|Any CPU.Build.0 = Debug|Any CPU
		{2A8233D2-99F4-433C-90F1-0AF0E52FE331}.Debug|x64.ActiveCfg = Debug|Any CPU
		{2A8233D2-99F4-433C-90F1-0AF0E52FE331}.Debug|x64.Build.0 = Debug|Any CPU
		{2A8233D2-99F4-433C-90F1-0AF0E52FE331}.Debug|x86.ActiveCfg = Debug|Any CPU
		{2A8233D2-99F4-433C-90F1-0AF0E52FE331}.Debug|x86.Build.0 = Debug|Any CPU
		{2A8233D2-99F4-433C-90F1-0AF0E52FE331}.Release|Any CPU.ActiveCfg = Release|Any CPU
		{2A8233D2-99F4-433C-90F1-0AF0E52FE331}.Release|Any CPU.Build.0 = Release|Any CPU
		{2A8233D2-99F4-433C-90F1-0AF0E52FE331}.Release|x64.ActiveCfg = Release|Any CPU
		{2A8233D2-99F4-433C-90F1-0AF0E52FE331}.Release|x64.Build.0 = Release|Any CPU
		{2A8233D2-99F4-433C-90F1-0AF0E52FE331}.Release|x86.ActiveCfg = Release|Any CPU
		{2A8233D2-99F4-433C-90F1-0AF0E52FE331}.Release|x86.Build.0 = Release|Any CPU
		{36847EB7-9D9B-4A5B-AAA3-9E504156E01E}.Debug|Any CPU.ActiveCfg = Debug|Any CPU
		{36847EB7-9D9B-4A5B-AAA3-9E504156E01E}.Debug|Any CPU.Build.0 = Debug|Any CPU
		{36847EB7-9D9B-4A5B-AAA3-9E504156E01E}.Debug|x64.ActiveCfg = Debug|Any CPU
		{36847EB7-9D9B-4A5B-AAA3-9E504156E01E}.Debug|x64.Build.0 = Debug|Any CPU
		{36847EB7-9D9B-4A5B-AAA3-9E504156E01E}.Debug|x86.ActiveCfg = Debug|Any CPU
		{36847EB7-9D9B-4A5B-AAA3-9E504156E01E}.Debug|x86.Build.0 = Debug|Any CPU
		{36847EB7-9D9B-4A5B-AAA3-9E504156E01E}.Release|Any CPU.ActiveCfg = Release|Any CPU
		{36847EB7-9D9B-4A5B-AAA3-9E504156E01E}.Release|Any CPU.Build.0 = Release|Any CPU
		{36847EB7-9D9B-4A5B-AAA3-9E504156E01E}.Release|x64.ActiveCfg = Release|Any CPU
		{36847EB7-9D9B-4A5B-AAA3-9E504156E01E}.Release|x64.Build.0 = Release|Any CPU
		{36847EB7-9D9B-4A5B-AAA3-9E504156E01E}.Release|x86.ActiveCfg = Release|Any CPU
		{36847EB7-9D9B-4A5B-AAA3-9E504156E01E}.Release|x86.Build.0 = Release|Any CPU
		{8125161B-B5F4-4B95-9FFD-4ED4D955B042}.Debug|Any CPU.ActiveCfg = Debug|Any CPU
		{8125161B-B5F4-4B95-9FFD-4ED4D955B042}.Debug|Any CPU.Build.0 = Debug|Any CPU
		{8125161B-B5F4-4B95-9FFD-4ED4D955B042}.Debug|x64.ActiveCfg = Debug|Any CPU
		{8125161B-B5F4-4B95-9FFD-4ED4D955B042}.Debug|x64.Build.0 = Debug|Any CPU
		{8125161B-B5F4-4B95-9FFD-4ED4D955B042}.Debug|x86.ActiveCfg = Debug|Any CPU
		{8125161B-B5F4-4B95-9FFD-4ED4D955B042}.Debug|x86.Build.0 = Debug|Any CPU
		{8125161B-B5F4-4B95-9FFD-4ED4D955B042}.Release|Any CPU.ActiveCfg = Release|Any CPU
		{8125161B-B5F4-4B95-9FFD-4ED4D955B042}.Release|Any CPU.Build.0 = Release|Any CPU
		{8125161B-B5F4-4B95-9FFD-4ED4D955B042}.Release|x64.ActiveCfg = Release|Any CPU
		{8125161B-B5F4-4B95-9FFD-4ED4D955B042}.Release|x64.Build.0 = Release|Any CPU
		{8125161B-B5F4-4B95-9FFD-4ED4D955B042}.Release|x86.ActiveCfg = Release|Any CPU
		{8125161B-B5F4-4B95-9FFD-4ED4D955B042}.Release|x86.Build.0 = Release|Any CPU
	EndGlobalSection
	GlobalSection(SolutionProperties) = preSolution
		HideSolutionNode = FALSE
	EndGlobalSection
	GlobalSection(NestedProjects) = preSolution
		{04307982-8A61-4965-B62D-1BEE547901BE} = {02EA681E-C7D8-13C7-8484-4AC65E1B71E8}
		{44C11240-486A-491C-A93E-DA24DB3847E9} = {02EA681E-C7D8-13C7-8484-4AC65E1B71E8}
		{B2892770-8F5D-43F4-BB75-893E42E14181} = {02EA681E-C7D8-13C7-8484-4AC65E1B71E8}
		{A75196AD-1613-41F2-AF50-92ECC4B6AF22} = {02EA681E-C7D8-13C7-8484-4AC65E1B71E8}
		{2A8233D2-99F4-433C-90F1-0AF0E52FE331} = {02EA681E-C7D8-13C7-8484-4AC65E1B71E8}
		{36847EB7-9D9B-4A5B-AAA3-9E504156E01E} = {02EA681E-C7D8-13C7-8484-4AC65E1B71E8}
		{8125161B-B5F4-4B95-9FFD-4ED4D955B042} = {02EA681E-C7D8-13C7-8484-4AC65E1B71E8}
	EndGlobalSection
	GlobalSection(ExtensibilityGlobals) = postSolution
		SolutionGuid = {B584021C-3E86-4A9A-AC03-EF36C00689A4}
	EndGlobalSection
EndGlobal
